
Microsoft Visual Studio Solution File, Format Version 12.00
# Visual Studio Version 17
VisualStudioVersion = 17.7.34031.279
MinimumVisualStudioVersion = 10.0.40219.1
Project("{FAE04EC0-301F-11D3-BF4B-00C04F79EFBC}") = "PaymentExternalLib", "PaymentExternalLib\PaymentExternalLib.csproj", "{FE19BDE0-C163-4289-8EF0-36F755B20EDF}"
EndProject
Global
	GlobalSection(SolutionConfigurationPlatforms) = preSolution
		Debug|Any CPU = Debug|Any CPU
		Release|Any CPU = Release|Any CPU
	EndGlobalSection
	GlobalSection(ProjectConfigurationPlatforms) = postSolution
		{FE19BDE0-C163-4289-8EF0-36F755B20EDF}.Debug|Any CPU.ActiveCfg = Debug|Any CPU
		{FE19BDE0-C163-4289-8EF0-36F755B20EDF}.Debug|Any CPU.Build.0 = Debug|Any CPU
		{FE19BDE0-C163-4289-8EF0-36F755B20EDF}.Release|Any CPU.ActiveCfg = Release|Any CPU
		{FE19BDE0-C163-4289-8EF0-36F755B20EDF}.Release|Any CPU.Build.0 = Release|Any CPU
	EndGlobalSection
	GlobalSection(SolutionProperties) = preSolution
		HideSolutionNode = FALSE
	EndGlobalSection
	GlobalSection(ExtensibilityGlobals) = postSolution
		SolutionGuid = {F9E7C47E-9EFA-4CD6-B1CE-662A2B3A0ED5}
	EndGlobalSection
EndGlobal
